// !$*UTF8*$!
{
	archiveVersion = 1;
	classes = {
	};
	objectVersion = 50;
	objects = {

/* Begin PBXBuildFile section */
		8E77B404221EA65F0070582B /* AppDelegate.m in Sources */ = {isa = PBXBuildFile; fileRef = 8E77B403221EA65F0070582B /* AppDelegate.m */; };
		8E77B407221EA65F0070582B /* ViewController.m in Sources */ = {isa = PBXBuildFile; fileRef = 8E77B406221EA65F0070582B /* ViewController.m */; };
		8E77B40A221EA65F0070582B /* Main.storyboard in Resources */ = {isa = PBXBuildFile; fileRef = 8E77B408221EA65F0070582B /* Main.storyboard */; };
		8E77B40C221EA6600070582B /* Assets.xcassets in Resources */ = {isa = PBXBuildFile; fileRef = 8E77B40B221EA6600070582B /* Assets.xcassets */; };
		8E77B40F221EA6600070582B /* LaunchScreen.storyboard in Resources */ = {isa = PBXBuildFile; fileRef = 8E77B40D221EA6600070582B /* LaunchScreen.storyboard */; };
		8E77B412221EA6600070582B /* main.m in Sources */ = {isa = PBXBuildFile; fileRef = 8E77B411221EA6600070582B /* main.m */; };
		8E9D7DA3222414DB00117A57 /* BNRLine.m in Sources */ = {isa = PBXBuildFile; fileRef = 8E9D7DA2222414DB00117A57 /* BNRLine.m */; };
		8E9D7DA52224183600117A57 /* BNRDrawView.m in Sources */ = {isa = PBXBuildFile; fileRef = 8E9D7DA42224183600117A57 /* BNRDrawView.m */; };
		8E9D7DA92224190400117A57 /* BNRDrawViewController.m in Sources */ = {isa = PBXBuildFile; fileRef = 8E9D7DA82224190400117A57 /* BNRDrawViewController.m */; };
/* End PBXBuildFile section */

/* Begin PBXFileReference section */
		8E77B3FF221EA65F0070582B /* TouchTracker.app */ = {isa = PBXFileReference; explicitFileType = wrapper.application; includeInIndex = 0; path = TouchTracker.app; sourceTree = BUILT_PRODUCTS_DIR; };
		8E77B402221EA65F0070582B /* AppDelegate.h */ = {isa = PBXFileReference; lastKnownFileType = sourcecode.c.h; path = AppDelegate.h; sourceTree = "<group>"; };
		8E77B403221EA65F0070582B /* AppDelegate.m */ = {isa = PBXFileReference; lastKnownFileType = sourcecode.c.objc; path = AppDelegate.m; sourceTree = "<group>"; };
		8E77B405221EA65F0070582B /* ViewController.h */ = {isa = PBXFileReference; lastKnownFileType = sourcecode.c.h; path = ViewController.h; sourceTree = "<group>"; };
		8E77B406221EA65F0070582B /* ViewController.m */ = {isa = PBXFileReference; lastKnownFileType = sourcecode.c.objc; path = ViewController.m; sourceTree = "<group>"; };
		8E77B409221EA65F0070582B /* Base */ = {isa = PBXFileReference; lastKnownFileType = file.storyboard; name = Base; path = Base.lproj/Main.storyboard; sourceTree = "<group>"; };
		8E77B40B221EA6600070582B /* Assets.xcassets */ = {isa = PBXFileReference; lastKnownFileType = folder.assetcatalog; path = Assets.xcassets; sourceTree = "<group>"; };
		8E77B40E221EA6600070582B /* Base */ = {isa = PBXFileReference; lastKnownFileType = file.storyboard; name = Base; path = Base.lproj/LaunchScreen.storyboard; sourceTree = "<group>"; };
		8E77B410221EA6600070582B /* Info.plist */ = {isa = PBXFileReference; lastKnownFileType = text.plist.xml; path = Info.plist; sourceTree = "<group>"; };
		8E77B411221EA6600070582B /* main.m */ = {isa = PBXFileReference; lastKnownFileType = sourcecode.c.objc; path = main.m; sourceTree = "<group>"; };
		8E9D7DA1222414DB00117A57 /* BNRLine.h */ = {isa = PBXFileReference; lastKnownFileType = sourcecode.c.h; name = BNRLine.h; path = TouchTracker/BNRLine.h; sourceTree = "<group>"; };
		8E9D7DA2222414DB00117A57 /* BNRLine.m */ = {isa = PBXFileReference; lastKnownFileType = sourcecode.c.objc; name = BNRLine.m; path = TouchTracker/BNRLine.m; sourceTree = "<group>"; };
		8E9D7DA42224183600117A57 /* BNRDrawView.m */ = {isa = PBXFileReference; lastKnownFileType = sourcecode.c.objc; path = BNRDrawView.m; sourceTree = "<group>"; };
		8E9D7DA62224184B00117A57 /* BNRDrawView.h */ = {isa = PBXFileReference; lastKnownFileType = sourcecode.c.h; path = BNRDrawView.h; sourceTree = "<group>"; };
		8E9D7DA72224190400117A57 /* BNRDrawViewController.h */ = {isa = PBXFileReference; lastKnownFileType = sourcecode.c.h; path = BNRDrawViewController.h; sourceTree = "<group>"; };
		8E9D7DA82224190400117A57 /* BNRDrawViewController.m */ = {isa = PBXFileReference; lastKnownFileType = sourcecode.c.objc; path = BNRDrawViewController.m; sourceTree = "<group>"; };
/* End PBXFileReference section */

/* Begin PBXFrameworksBuildPhase section */
		8E77B3FC221EA65F0070582B /* Frameworks */ = {
			isa = PBXFrameworksBuildPhase;
			buildActionMask = 2147483647;
			files = (
			);
			runOnlyForDeploymentPostprocessing = 0;
		};
/* End PBXFrameworksBuildPhase section */

/* Begin PBXGroup section */
		8E77B3F6221EA65F0070582B = {
			isa = PBXGroup;
			children = (
				8E9D7DA72224190400117A57 /* BNRDrawViewController.h */,
				8E9D7DA82224190400117A57 /* BNRDrawViewController.m */,
				8E9D7DA42224183600117A57 /* BNRDrawView.m */,
				8E9D7DA62224184B00117A57 /* BNRDrawView.h */,
				8E9D7DA1222414DB00117A57 /* BNRLine.h */,
				8E9D7DA2222414DB00117A57 /* BNRLine.m */,
				8E77B401221EA65F0070582B /* TouchTracker */,
				8E77B400221EA65F0070582B /* Products */,
			);
			sourceTree = "<group>";
		};
		8E77B400221EA65F0070582B /* Products */ = {
			isa = PBXGroup;
			children = (
				8E77B3FF221EA65F0070582B /* TouchTracker.app */,
			);
			name = Products;
			sourceTree = "<group>";
		};
		8E77B401221EA65F0070582B /* TouchTracker */ = {
			isa = PBXGroup;
			children = (
				8E77B402221EA65F0070582B /* AppDelegate.h */,
				8E77B403221EA65F0070582B /* AppDelegate.m */,
				8E77B405221EA65F0070582B /* ViewController.h */,
				8E77B406221EA65F0070582B /* ViewController.m */,
				8E77B408221EA65F0070582B /* Main.storyboard */,
				8E77B40B221EA6600070582B /* Assets.xcassets */,
				8E77B40D221EA6600070582B /* LaunchScreen.storyboard */,
				8E77B410221EA6600070582B /* Info.plist */,
				8E77B411221EA6600070582B /* main.m */,
			);
			path = TouchTracker;
			sourceTree = "<group>";
		};
/* End PBXGroup section */

/* Begin PBXNativeTarget section */
		8E77B3FE221EA65F0070582B /* TouchTracker */ = {
			isa = PBXNativeTarget;
			buildConfigurationList = 8E77B415221EA6600070582B /* Build configuration list for PBXNativeTarget "TouchTracker" */;
			buildPhases = (
				8E77B3FB221EA65F0070582B /* Sources */,
				8E77B3FC221EA65F0070582B /* Frameworks */,
				8E77B3FD221EA65F0070582B /* Resources */,
			);
			buildRules = (
			);
			dependencies = (
			);
			name = TouchTracker;
			productName = TouchTracker;
			productReference = 8E77B3FF221EA65F0070582B /* TouchTracker.app */;
			productType = "com.apple.product-type.application";
		};
/* End PBXNativeTarget section */

/* Begin PBXProject section */
		8E77B3F7221EA65F0070582B /* Project object */ = {
			isa = PBXProject;
			attributes = {
				CLASSPREFIX = BNR;
				LastUpgradeCheck = 1010;
				ORGANIZATIONNAME = choishucheung;
				TargetAttributes = {
					8E77B3FE221EA65F0070582B = {
						CreatedOnToolsVersion = 10.1;
					};
				};
			};
			buildConfigurationList = 8E77B3FA221EA65F0070582B /* Build configuration list for PBXProject "TouchTracker" */;
			compatibilityVersion = "Xcode 9.3";
			developmentRegion = en;
			hasScannedForEncodings = 0;
			knownRegions = (
				en,
				Base,
			);
			mainGroup = 8E77B3F6221EA65F0070582B;
			productRefGroup = 8E77B400221EA65F0070582B /* Products */;
			projectDirPath = "";
			projectRoot = "";
			targets = (
				8E77B3FE221EA65F0070582B /* TouchTracker */,
			);
		};
/* End PBXProject section */

/* Begin PBXResourcesBuildPhase section */
		8E77B3FD221EA65F0070582B /* Resources */ = {
			isa = PBXResourcesBuildPhase;
			buildActionMask = 2147483647;
			files = (
				8E77B40F221EA6600070582B /* LaunchScreen.storyboard in Resources */,
				8E77B40C221EA6600070582B /* Assets.xcassets in Resources */,
				8E77B40A221EA65F0070582B /* Main.storyboard in Resources */,
			);
			runOnlyForDeploymentPostprocessing = 0;
		};
/* End PBXResourcesBuildPhase section */

/* Begin PBXSourcesBuildPhase section */
		8E77B3FB221EA65F0070582B /* Sources */ = {
			isa = PBXSourcesBuildPhase;
			buildActionMask = 2147483647;
			files = (
				8E9D7DA52224183600117A57 /* BNRDrawView.m in Sources */,
				8E77B407221EA65F0070582B /* ViewController.m in Sources */,
				8E9D7DA92224190400117A57 /* BNRDrawViewController.m in Sources */,
				8E77B412221EA6600070582B /* main.m in Sources */,
				8E9D7DA3222414DB00117A57 /* BNRLine.m in Sources */,
				8E77B404221EA65F0070582B /* AppDelegate.m in Sources */,
			);
			runOnlyForDeploymentPostprocessing = 0;
		};
/* End PBXSourcesBuildPhase section */

/* Begin PBXVariantGroup section */
		8E77B408221EA65F0070582B /* Main.storyboard */ = {
			isa = PBXVariantGroup;
			children = (
				8E77B409221EA65F0070582B /* Base */,
			);
			name = Main.storyboard;
			sourceTree = "<group>";
		};
		8E77B40D221EA6600070582B /* LaunchScreen.storyboard */ = {
			isa = PBXVariantGroup;
			children = (
				8E77B40E221EA6600070582B /* Base */,
			);
			name = LaunchScreen.storyboard;
			sourceTree = "<group>";
		};
/* End PBXVariantGroup section */

/* Begin XCBuildConfiguration section */
		8E77B413221EA6600070582B /* Debug */ = {
			isa = XCBuildConfiguration;
			buildSettings = {
				ALWAYS_SEARCH_USER_PATHS = NO;
				CLANG_ANALYZER_NONNULL = YES;
				CLANG_ANALYZER_NUMBER_OBJECT_CONVERSION = YES_AGGRESSIVE;
				CLANG_CXX_LANGUAGE_STANDARD = "gnu++14";
				CLANG_CXX_LIBRARY = "libc++";
				CLANG_ENABLE_MODULES = YES;
				CLANG_ENABLE_OBJC_ARC = YES;
				CLANG_ENABLE_OBJC_WEAK = YES;
				CLANG_WARN_BLOCK_CAPTURE_AUTORELEASING = YES;
				CLANG_WARN_BOOL_CONVERSION = YES;
				CLANG_WARN_COMMA = YES;
				CLANG_WARN_CONSTANT_CONVERSION = YES;
				CLANG_WARN_DEPRECATED_OBJC_IMPLEMENTATIONS = YES;
				CLANG_WARN_DIRECT_OBJC_ISA_USAGE = YES_ERROR;
				CLANG_WARN_DOCUMENTATION_COMMENTS = YES;
				CLANG_WARN_EMPTY_BODY = YES;
				CLANG_WARN_ENUM_CONVERSION = YES;
				CLANG_WARN_INFINITE_RECURSION = YES;
				CLANG_WARN_INT_CONVERSION = YES;
				CLANG_WARN_NON_LITERAL_NULL_CONVERSION = YES;
				CLANG_WARN_OBJC_IMPLICIT_RETAIN_SELF = YES;
				CLANG_WARN_OBJC_LITERAL_CONVERSION = YES;
				CLANG_WARN_OBJC_ROOT_CLASS = YES_ERROR;
				CLANG_WARN_RANGE_LOOP_ANALYSIS = YES;
				CLANG_WARN_STRICT_PROTOTYPES = YES;
				CLANG_WARN_SUSPICIOUS_MOVE = YES;
				CLANG_WARN_UNGUARDED_AVAILABILITY = YES_AGGRESSIVE;
				CLANG_WARN_UNREACHABLE_CODE = YES;
				CLANG_WARN__DUPLICATE_METHOD_MATCH = YES;
				CODE_SIGN_IDENTITY = "iPhone Developer";
				COPY_PHASE_STRIP = NO;
				DEBUG_INFORMATION_FORMAT = dwarf;
				ENABLE_STRICT_OBJC_MSGSEND = YES;
				ENABLE_TESTABILITY = YES;
				GCC_C_LANGUAGE_STANDARD = gnu11;
				GCC_DYNAMIC_NO_PIC = NO;
				GCC_NO_COMMON_BLOCKS = YES;
				GCC_OPTIMIZATION_LEVEL = 0;
				GCC_PREPROCESSOR_DEFINITIONS = (
					"DEBUG=1",
					"$(inherited)",
				);
				GCC_WARN_64_TO_32_BIT_CONVERSION = YES;
				GCC_WARN_ABOUT_RETURN_TYPE = YES_ERROR;
				GCC_WARN_UNDECLARED_SELECTOR = YES;
				GCC_WARN_UNINITIALIZED_AUTOS = YES_AGGRESSIVE;
				GCC_WARN_UNUSED_FUNCTION = YES;
				GCC_WARN_UNUSED_VARIABLE = YES;
				IPHONEOS_DEPLOYMENT_TARGET = 12.1;
				MTL_ENABLE_DEBUG_INFO = INCLUDE_SOURCE;
				MTL_FAST_MATH = YES;
				ONLY_ACTIVE_ARCH = YES;
				SDKROOT = iphoneos;
			};
			name = Debug;
		};
		8E77B414221EA6600070582B /* Release */ = {
			isa = XCBuildConfiguration;
			buildSettings = {
				ALWAYS_SEARCH_USER_PATHS = NO;
				CLANG_ANALYZER_NONNULL = YES;
				CLANG_ANALYZER_NUMBER_OBJECT_CONVERSION = YES_AGGRESSIVE;
				CLANG_CXX_LANGUAGE_STANDARD = "gnu++14";
				CLANG_CXX_LIBRARY = "libc++";
				CLANG_ENABLE_MODULES = YES;
				CLANG_ENABLE_OBJC_ARC = YES;
				CLANG_ENABLE_OBJC_WEAK = YES;
				CLANG_WARN_BLOCK_CAPTURE_AUTORELEASING = YES;
				CLANG_WARN_BOOL_CONVERSION = YES;
				CLANG_WARN_COMMA = YES;
				CLANG_WARN_CONSTANT_CONVERSION = YES;
				CLANG_WARN_DEPRECATED_OBJC_IMPLEMENTATIONS = YES;
				CLANG_WARN_DIRECT_OBJC_ISA_USAGE = YES_ERROR;
				CLANG_WARN_DOCUMENTATION_COMMENTS = YES;
				CLANG_WARN_EMPTY_BODY = YES;
				CLANG_WARN_ENUM_CONVERSION = YES;
				CLANG_WARN_INFINITE_RECURSION = YES;
				CLANG_WARN_INT_CONVERSION = YES;
				CLANG_WARN_NON_LITERAL_NULL_CONVERSION = YES;
				CLANG_WARN_OBJC_IMPLICIT_RETAIN_SELF = YES;
				CLANG_WARN_OBJC_LITERAL_CONVERSION = YES;
				CLANG_WARN_OBJC_ROOT_CLASS = YES_ERROR;
				CLANG_WARN_RANGE_LOOP_ANALYSIS = YES;
				CLANG_WARN_STRICT_PROTOTYPES = YES;
				CLANG_WARN_SUSPICIOUS_MOVE = YES;
				CLANG_WARN_UNGUARDED_AVAILABILITY = YES_AGGRESSIVE;
				CLANG_WARN_UNREACHABLE_CODE = YES;
				CLANG_WARN__DUPLICATE_METHOD_MATCH = YES;
				CODE_SIGN_IDENTITY = "iPhone Developer";
				COPY_PHASE_STRIP = NO;
				DEBUG_INFORMATION_FORMAT = "dwarf-with-dsym";
				ENABLE_NS_ASSERTIONS = NO;
				ENABLE_STRICT_OBJC_MSGSEND = YES;
				GCC_C_LANGUAGE_STANDARD = gnu11;
				GCC_NO_COMMON_BLOCKS = YES;
				GCC_WARN_64_TO_32_BIT_CONVERSION = YES;
				GCC_WARN_ABOUT_RETURN_TYPE = YES_ERROR;
				GCC_WARN_UNDECLARED_SELECTOR = YES;
				GCC_WARN_UNINITIALIZED_AUTOS = YES_AGGRESSIVE;
				GCC_WARN_UNUSED_FUNCTION = YES;
				GCC_WARN_UNUSED_VARIABLE = YES;
				IPHONEOS_DEPLOYMENT_TARGET = 12.1;
				MTL_ENABLE_DEBUG_INFO = NO;
				MTL_FAST_MATH = YES;
				SDKROOT = iphoneos;
				VALIDATE_PRODUCT = YES;
			};
			name = Release;
		};
		8E77B416221EA6600070582B /* Debug */ = {
			isa = XCBuildConfiguration;
			buildSettings = {
				ASSETCATALOG_COMPILER_APPICON_NAME = AppIcon;
				CODE_SIGN_STYLE = Automatic;
				DEVELOPMENT_TEAM = KFFJ74Q3SA;
				INFOPLIST_FILE = TouchTracker/Info.plist;
				LD_RUNPATH_SEARCH_PATHS = (
					"$(inherited)",
					"@executable_path/Frameworks",
				);
				PRODUCT_BUNDLE_IDENTIFIER = Test.TouchTracker;
				PRODUCT_NAME = "$(TARGET_NAME)";
				TARGETED_DEVICE_FAMILY = "1,2";
			};
			name = Debug;
		};
		8E77B417221EA6600070582B /* Release */ = {
			isa = XCBuildConfiguration;
			buildSettings = {
				ASSETCATALOG_COMPILER_APPICON_NAME = AppIcon;
				CODE_SIGN_STYLE = Automatic;
				DEVELOPMENT_TEAM = KFFJ74Q3SA;
				INFOPLIST_FILE = TouchTracker/Info.plist;
				LD_RUNPATH_SEARCH_PATHS = (
					"$(inherited)",
					"@executable_path/Frameworks",
				);
				PRODUCT_BUNDLE_IDENTIFIER = Test.TouchTracker;
				PRODUCT_NAME = "$(TARGET_NAME)";
				TARGETED_DEVICE_FAMILY = "1,2";
			};
			name = Release;
		};
/* End XCBuildConfiguration section */

/* Begin XCConfigurationList section */
		8E77B3FA221EA65F0070582B /* Build configuration list for PBXProject "TouchTracker" */ = {
			isa = XCConfigurationList;
			buildConfigurations = (
				8E77B413221EA6600070582B /* Debug */,
				8E77B414221EA6600070582B /* Release */,
			);
			defaultConfigurationIsVisible = 0;
			defaultConfigurationName = Release;
		};
		8E77B415221EA6600070582B /* Build configuration list for PBXNativeTarget "TouchTracker" */ = {
			isa = XCConfigurationList;
			buildConfigurations = (
				8E77B416221EA6600070582B /* Debug */,
				8E77B417221EA6600070582B /* Release */,
			);
			defaultConfigurationIsVisible = 0;
			defaultConfigurationName = Release;
		};
/* End XCConfigurationList section */
	};
	rootObject = 8E77B3F7221EA65F0070582B /* Project object */;
}
